
Microsoft Visual Studio Solution File, Format Version 12.00
# Visual Studio 15
VisualStudioVersion = 15.0.27130.2036
MinimumVisualStudioVersion = 10.0.40219.1
Project("{E24C65DC-7377-472B-9ABA-BC803B73C61A}") = "Social_Network", "Social_Network\", "{12FF53F4-1D6B-4536-B28E-1B29D8D274F0}"
	ProjectSection(WebsiteProperties) = preProject
		TargetFrameworkMoniker = ".NETFramework,Version%3Dv4.6.1"
		Debug.AspNetCompiler.VirtualPath = "/localhost_64086"
		Debug.AspNetCompiler.PhysicalPath = "Social_Network\"
		Debug.AspNetCompiler.TargetPath = "PrecompiledWeb\localhost_64086\"
		Debug.AspNetCompiler.Updateable = "true"
		Debug.AspNetCompiler.ForceOverwrite = "true"
		Debug.AspNetCompiler.FixedNames = "false"
		Debug.AspNetCompiler.Debug = "True"
		Release.AspNetCompiler.VirtualPath = "/localhost_64086"
		Release.AspNetCompiler.PhysicalPath = "Social_Network\"
		Release.AspNetCompiler.TargetPath = "PrecompiledWeb\localhost_64086\"
		Release.AspNetCompiler.Updateable = "true"
		Release.AspNetCompiler.ForceOverwrite = "true"
		Release.AspNetCompiler.FixedNames = "false"
		Release.AspNetCompiler.Debug = "False"
		VWDPort = "64086"
		SlnRelativePath = "Social_Network\"
		DefaultWebSiteLanguage = "Visual C#"
	EndProjectSection
EndProject
Global
	GlobalSection(SolutionConfigurationPlatforms) = preSolution
		Debug|Any CPU = Debug|Any CPU
	EndGlobalSection
	GlobalSection(ProjectConfigurationPlatforms) = postSolution
		{12FF53F4-1D6B-4536-B28E-1B29D8D274F0}.Debug|Any CPU.ActiveCfg = Debug|Any CPU
		{12FF53F4-1D6B-4536-B28E-1B29D8D274F0}.Debug|Any CPU.Build.0 = Debug|Any CPU
	EndGlobalSection
	GlobalSection(SolutionProperties) = preSolution
		HideSolutionNode = FALSE
	EndGlobalSection
	GlobalSection(ExtensibilityGlobals) = postSolution
		SolutionGuid = {D1A9FD9C-51CC-4205-B324-4E2C6F51D1FB}
	EndGlobalSection
EndGlobal
