
Microsoft Visual Studio Solution File, Format Version 12.00
# Visual Studio 15
VisualStudioVersion = 15.0.27130.2036
MinimumVisualStudioVersion = 10.0.40219.1
Project("{E24C65DC-7377-472B-9ABA-BC803B73C61A}") = "Social_Network", "Social_Network\", "{B15C2245-B827-47CB-9AA5-2DC31FDA3E24}"
	ProjectSection(WebsiteProperties) = preProject
		TargetFrameworkMoniker = ".NETFramework,Version%3Dv4.6.1"
		Debug.AspNetCompiler.VirtualPath = "/localhost_56237"
		Debug.AspNetCompiler.PhysicalPath = "Social_Network\"
		Debug.AspNetCompiler.TargetPath = "PrecompiledWeb\localhost_56237\"
		Debug.AspNetCompiler.Updateable = "true"
		Debug.AspNetCompiler.ForceOverwrite = "true"
		Debug.AspNetCompiler.FixedNames = "false"
		Debug.AspNetCompiler.Debug = "True"
		Release.AspNetCompiler.VirtualPath = "/localhost_56237"
		Release.AspNetCompiler.PhysicalPath = "Social_Network\"
		Release.AspNetCompiler.TargetPath = "PrecompiledWeb\localhost_56237\"
		Release.AspNetCompiler.Updateable = "true"
		Release.AspNetCompiler.ForceOverwrite = "true"
		Release.AspNetCompiler.FixedNames = "false"
		Release.AspNetCompiler.Debug = "False"
		VWDPort = "56237"
		DefaultWebSiteLanguage = "Visual C#"
	EndProjectSection
EndProject
Global
	GlobalSection(SolutionConfigurationPlatforms) = preSolution
		Debug|Any CPU = Debug|Any CPU
	EndGlobalSection
	GlobalSection(ProjectConfigurationPlatforms) = postSolution
		{B15C2245-B827-47CB-9AA5-2DC31FDA3E24}.Debug|Any CPU.ActiveCfg = Debug|Any CPU
		{B15C2245-B827-47CB-9AA5-2DC31FDA3E24}.Debug|Any CPU.Build.0 = Debug|Any CPU
	EndGlobalSection
	GlobalSection(SolutionProperties) = preSolution
		HideSolutionNode = FALSE
	EndGlobalSection
	GlobalSection(ExtensibilityGlobals) = postSolution
		SolutionGuid = {DF3642D6-1CA1-477D-9484-2DB5E741B302}
	EndGlobalSection
EndGlobal
